
Microsoft Visual Studio Solution File, Format Version 12.00
# Visual Studio Version 17
VisualStudioVersion = 17.7.34202.233
MinimumVisualStudioVersion = 10.0.40219.1
Project("{FAE04EC0-301F-11D3-BF4B-00C04F79EFBC}") = "G23W08WFLotto", "G23W08WFLotto\G23W08WFLotto.csproj", "{140976FE-62ED-4036-8341-6EBA28912ACA}"
EndProject
Global
	GlobalSection(SolutionConfigurationPlatforms) = preSolution
		Debug|Any CPU = Debug|Any CPU
		Release|Any CPU = Release|Any CPU
	EndGlobalSection
	GlobalSection(ProjectConfigurationPlatforms) = postSolution
		{140976FE-62ED-4036-8341-6EBA28912ACA}.Debug|Any CPU.ActiveCfg = Debug|Any CPU
		{140976FE-62ED-4036-8341-6EBA28912ACA}.Debug|Any CPU.Build.0 = Debug|Any CPU
		{140976FE-62ED-4036-8341-6EBA28912ACA}.Release|Any CPU.ActiveCfg = Release|Any CPU
		{140976FE-62ED-4036-8341-6EBA28912ACA}.Release|Any CPU.Build.0 = Release|Any CPU
	EndGlobalSection
	GlobalSection(SolutionProperties) = preSolution
		HideSolutionNode = FALSE
	EndGlobalSection
	GlobalSection(ExtensibilityGlobals) = postSolution
		SolutionGuid = {3FA2AE50-3FC2-420C-845C-FF43A88A1B89}
	EndGlobalSection
EndGlobal
